hash: 8d535ad418a9b47676502fc75094b3ae818c312f4e2a87bdaafb22bb5bf2378f
updated: 2017-07-21T12:31:08.467484786+03:00
imports:
- name: github.com/go-telegram-bot-api/telegram-bot-api
  version: 0a57807db79efce7f6719fbb2c0e0f83fda79aec
- name: github.com/Sirupsen/logrus
  version: a3f95b5c423586578a4e099b11a46c2479628cac
- name: github.com/technoweenie/multipartstreamer
  version: a90a01d73ae432e2611d178c18367fbaa13e0154
- name: golang.org/x/sys
  version: d75a52659825e75fff6158388dddc6a5b04f9ba5
  subpackages:
  - unix
- name: gopkg.in/yaml.v2
  version: a5b47d31c556af34a302ce5d659e6fea44d90de0
testImports:
- name: github.com/stretchr/testify
  version: 69483b4bd14f5845b5a1e55bca19e954e827f1d0
  subpackages:
  - assert
